{
  "name": "test",
  "version": "1.0.0",
  "lockfileVersion": 1,
  "requires": true,
  "dependencies": {
    "viribus.js": {
      "version": "1.1.0",
      "resolved": "https://registry.npmjs.org/viribus.js/-/viribus.js-1.1.0.tgz",
      "integrity": "sha512-p4hGdFZgNO7eDh0+qPbNVDbNfkox7u9J9cHhTh6oVoY96UDqdiYz6zUCAM0o2/mc4obZdvmxTc22lnPm3C2sfg=="
    }
  }
}
